[[package]]
name = "asgiref"
version = "3.5.1"
description = "ASGI specs, helper code, and adapters"
category = "main"
optional = false
python-versions = ">=3.7"

[package.extras]
tests = ["pytest", "pytest-asyncio", "mypy (>=0.800)"]

[[package]]
name = "colorama"
version = "0.4.6"
description = "Cross-platform colored terminal text."
category = "main"
optional = false
python-versions = "!=3.0.*,!=3.1.*,!=3.2.*,!=3.3.*,!=3.4.*,!=3.5.*,!=3.6.*,>=2.7"

[[package]]
name = "django"
version = "3.2.13"
description = "A high-level Python Web framework that encourages rapid development and clean, pragmatic design."
category = "main"
optional = false
python-versions = ">=3.6"

[package.dependencies]
asgiref = ">=3.3.2,<4"
pytz = "*"
sqlparse = ">=0.2.2"

[package.extras]
argon2 = ["argon2-cffi (>=19.1.0)"]
bcrypt = ["bcrypt"]

[[package]]
name = "pytz"
version = "2022.1"
description = "World timezone definitions, modern and historical"
category = "main"
optional = false
python-versions = "*"

[[package]]
name = "shtab"
version = "1.6.5"
description = "Automagic shell tab completion for Python CLI applications"
category = "main"
optional = false
python-versions = ">=3.7"

[package.extras]
dev = ["pytest (>=6)", "pytest-cov", "pytest-timeout"]

[[package]]
name = "sqlparse"
version = "0.4.2"
description = "A non-validating SQL parser."
category = "main"
optional = false
python-versions = ">=3.5"

[[package]]
name = "termcolor"
version = "2.4.0"
description = "ANSI color formatting for output in terminal"
category = "main"
optional = false
python-versions = ">=3.8"

[package.extras]
tests = ["pytest", "pytest-cov"]

[[package]]
name = "tldr"
version = "3.2.0"
description = "command line client for tldr"
category = "main"
optional = false
python-versions = "~=3.6"

[package.dependencies]
colorama = "*"
shtab = ">=1.3.10"
termcolor = "*"

[metadata]
lock-version = "1.1"
python-versions = "^3.8"
content-hash = "32f798b93e19dab958131a84e4c416d1c8294d0294198d7bef83d7b8c28bb978"

[metadata.files]
asgiref = []
colorama = []
django = []
pytz = []
shtab = [
    {file = "shtab-1.6.5-py3-none-any.whl", hash = "sha256:3c7be25ab65a324ed41e9c2964f2146236a5da6e6a247355cfea56f65050f220"},
    {file = "shtab-1.6.5.tar.gz", hash = "sha256:cf4ab120183e84cce041abeb6f620f9560739741dfc31dd466315550c08be9ec"},
]
sqlparse = []
termcolor = []
tldr = [
    {file = "tldr-3.2.0-py3-none-any.whl", hash = "sha256:41a271e31eaf57a6da6d35adbbec7a5051f8781c3afb8fcca6140f03a2186636"},
    {file = "tldr-3.2.0.tar.gz", hash = "sha256:d04f71c7f0a28c940e18a1dc6c8c911c1388661674ad83e909853dacbe5fa0c1"},
]
